
Microsoft Visual Studio Solution File, Format Version 12.00
# Visual Studio Version 17
VisualStudioVersion = 17.6.33815.320
MinimumVisualStudioVersion = 10.0.40219.1
Project("{9A19103F-16F7-4668-BE54-9A1E7A4F7556}") = "lab1_v1", "lab1_v1\lab1_v1.csproj", "{FCEE341E-2064-41E7-BD2B-8471C7422D39}"
EndProject
Global
	GlobalSection(SolutionConfigurationPlatforms) = preSolution
		Debug|Any CPU = Debug|Any CPU
		Release|Any CPU = Release|Any CPU
	EndGlobalSection
	GlobalSection(ProjectConfigurationPlatforms) = postSolution
		{FCEE341E-2064-41E7-BD2B-8471C7422D39}.Debug|Any CPU.ActiveCfg = Debug|Any CPU
		{FCEE341E-2064-41E7-BD2B-8471C7422D39}.Debug|Any CPU.Build.0 = Debug|Any CPU
		{FCEE341E-2064-41E7-BD2B-8471C7422D39}.Release|Any CPU.ActiveCfg = Release|Any CPU
		{FCEE341E-2064-41E7-BD2B-8471C7422D39}.Release|Any CPU.Build.0 = Release|Any CPU
	EndGlobalSection
	GlobalSection(SolutionProperties) = preSolution
		HideSolutionNode = FALSE
	EndGlobalSection
	GlobalSection(ExtensibilityGlobals) = postSolution
		SolutionGuid = {276C125E-777D-4581-9512-AFA511FB62B9}
	EndGlobalSection
EndGlobal
